
Microsoft Visual Studio Solution File, Format Version 12.00
# Visual Studio Version 17
VisualStudioVersion = 17.7.34031.279
MinimumVisualStudioVersion = 10.0.40219.1
Project("{FAE04EC0-301F-11D3-BF4B-00C04F79EFBC}") = "hw_07_task_03", "hw_07_task_03\hw_07_task_03.csproj", "{15C2298A-D2D2-4044-8423-DA184385A271}"
EndProject
Global
	GlobalSection(SolutionConfigurationPlatforms) = preSolution
		Debug|Any CPU = Debug|Any CPU
		Release|Any CPU = Release|Any CPU
	EndGlobalSection
	GlobalSection(ProjectConfigurationPlatforms) = postSolution
		{15C2298A-D2D2-4044-8423-DA184385A271}.Debug|Any CPU.ActiveCfg = Debug|Any CPU
		{15C2298A-D2D2-4044-8423-DA184385A271}.Debug|Any CPU.Build.0 = Debug|Any CPU
		{15C2298A-D2D2-4044-8423-DA184385A271}.Release|Any CPU.ActiveCfg = Release|Any CPU
		{15C2298A-D2D2-4044-8423-DA184385A271}.Release|Any CPU.Build.0 = Release|Any CPU
	EndGlobalSection
	GlobalSection(SolutionProperties) = preSolution
		HideSolutionNode = FALSE
	EndGlobalSection
	GlobalSection(ExtensibilityGlobals) = postSolution
		SolutionGuid = {96616EEC-26DF-4DBB-8E8D-40033F8E0D66}
	EndGlobalSection
EndGlobal
